// !$*UTF8*$!
{
	archiveVersion = 1;
	classes = {
	};
	objectVersion = 56;
	objects = {

/* Begin PBXBuildFile section */
		6809AFA72A486FB100A89952 /* uSockets.a in Frameworks */ = {isa = PBXBuildFile; fileRef = 68DCBEFF2A45D420007DCB50 /* uSockets.a */; };
		683FF8502A49B8410010DB3F /* Exchangeable.swift in Sources */ = {isa = PBXBuildFile; fileRef = 683FF84F2A49B8410010DB3F /* Exchangeable.swift */; };
		6842921C2A45A1120043EF2F /* Euler in Frameworks */ = {isa = PBXBuildFile; productRef = 6842921B2A45A1120043EF2F /* Euler */; };
		6842921E2A45A1A20043EF2F /* ArbitragerInterface.swift in Sources */ = {isa = PBXBuildFile; fileRef = 6842921D2A45A1A20043EF2F /* ArbitragerInterface.swift */; };
		684292202A45A9180043EF2F /* arbitrager.h in Headers */ = {isa = PBXBuildFile; fileRef = 6842921F2A45A9180043EF2F /* arbitrager.h */; settings = {ATTRIBUTES = (Public, ); }; };
		684292292A45AAA70043EF2F /* FastSockets.h in Headers */ = {isa = PBXBuildFile; fileRef = 684292282A45AAA70043EF2F /* FastSockets.h */; settings = {ATTRIBUTES = (Public, ); }; };
		6842922F2A45AAE40043EF2F /* libuwebsockets.cpp in Sources */ = {isa = PBXBuildFile; fileRef = 6842922D2A45AAE40043EF2F /* libuwebsockets.cpp */; };
		68832F362A47531300607523 /* libusockets.h in Headers */ = {isa = PBXBuildFile; fileRef = 68832F352A4752D400607523 /* libusockets.h */; settings = {ATTRIBUTES = (Public, ); }; };
		68B34C762A498E09000548B6 /* PriceDataStoreWrapper.swift in Sources */ = {isa = PBXBuildFile; fileRef = 68B34C752A498E09000548B6 /* PriceDataStoreWrapper.swift */; };
		68DCBF032A45DEC3007DCB50 /* libuwebsockets.h in Headers */ = {isa = PBXBuildFile; fileRef = 6842922E2A45AAE40043EF2F /* libuwebsockets.h */; settings = {ATTRIBUTES = (Public, ); }; };
		68DCBF0B2A45E0B8007DCB50 /* main.c in Sources */ = {isa = PBXBuildFile; fileRef = 68DCBF0A2A45E0B8007DCB50 /* main.c */; };
		68DCBF0F2A45E710007DCB50 /* FastSockets.framework in Frameworks */ = {isa = PBXBuildFile; fileRef = 684292262A45AAA60043EF2F /* FastSockets.framework */; };
		68DCBF102A45E710007DCB50 /* FastSockets.framework in Embed Frameworks */ = {isa = PBXBuildFile; fileRef = 684292262A45AAA60043EF2F /* FastSockets.framework */; settings = {ATTRIBUTES = (CodeSignOnCopy, RemoveHeadersOnCopy, ); }; };
		68DCBF142A45E734007DCB50 /* Arbitrage_Bot.framework in Frameworks */ = {isa = PBXBuildFile; fileRef = 68F6FC692A459DA500E828DB /* Arbitrage_Bot.framework */; };
		68DCBF152A45E734007DCB50 /* Arbitrage_Bot.framework in Embed Frameworks */ = {isa = PBXBuildFile; fileRef = 68F6FC692A459DA500E828DB /* Arbitrage_Bot.framework */; settings = {ATTRIBUTES = (CodeSignOnCopy, RemoveHeadersOnCopy, ); }; };
		68F6FC6E2A459DA500E828DB /* Arbitrage_Bot.docc in Sources */ = {isa = PBXBuildFile; fileRef = 68F6FC6D2A459DA500E828DB /* Arbitrage_Bot.docc */; };
		68F6FC742A459DA500E828DB /* Arbitrage_Bot.framework in Frameworks */ = {isa = PBXBuildFile; fileRef = 68F6FC692A459DA500E828DB /* Arbitrage_Bot.framework */; };
		68F6FC792A459DA500E828DB /* CycleTests.swift in Sources */ = {isa = PBXBuildFile; fileRef = 68F6FC782A459DA500E828DB /* CycleTests.swift */; };
		68F6FC7A2A459DA500E828DB /* Arbitrage_Bot.h in Headers */ = {isa = PBXBuildFile; fileRef = 68F6FC6C2A459DA500E828DB /* Arbitrage_Bot.h */; settings = {ATTRIBUTES = (Public, ); }; };
		68F6FCAA2A459DFE00E828DB /* Array+Uint8.swift in Sources */ = {isa = PBXBuildFile; fileRef = 68F6FC852A459DFE00E828DB /* Array+Uint8.swift */; };
		68F6FCAB2A459DFE00E828DB /* AnyDecodable.swift in Sources */ = {isa = PBXBuildFile; fileRef = 68F6FC872A459DFE00E828DB /* AnyDecodable.swift */; };
		68F6FCAC2A459DFE00E828DB /* AnyCodable.swift in Sources */ = {isa = PBXBuildFile; fileRef = 68F6FC882A459DFE00E828DB /* AnyCodable.swift */; };
		68F6FCAD2A459DFE00E828DB /* AnyEncodable.swift in Sources */ = {isa = PBXBuildFile; fileRef = 68F6FC892A459DFE00E828DB /* AnyEncodable.swift */; };
		68F6FCAE2A459DFE00E828DB /* EthereumAddress.swift in Sources */ = {isa = PBXBuildFile; fileRef = 68F6FC8A2A459DFE00E828DB /* EthereumAddress.swift */; };
		68F6FCAF2A459DFE00E828DB /* Environment.swift in Sources */ = {isa = PBXBuildFile; fileRef = 68F6FC8C2A459DFE00E828DB /* Environment.swift */; };
		68F6FCB02A459DFE00E828DB /* Pairs.swift in Sources */ = {isa = PBXBuildFile; fileRef = 68F6FC8D2A459DFE00E828DB /* Pairs.swift */; };
		68F6FCB12A459DFE00E828DB /* Exchanges.swift in Sources */ = {isa = PBXBuildFile; fileRef = 68F6FC8E2A459DFE00E828DB /* Exchanges.swift */; };
		68F6FCB22A459DFE00E828DB /* Credentials.swift in Sources */ = {isa = PBXBuildFile; fileRef = 68F6FC8F2A459DFE00E828DB /* Credentials.swift */; };
		68F6FCB32A459DFE00E828DB /* Quote.swift in Sources */ = {isa = PBXBuildFile; fileRef = 68F6FC922A459DFE00E828DB /* Quote.swift */; };
		68F6FCB42A459DFE00E828DB /* Exchange.swift in Sources */ = {isa = PBXBuildFile; fileRef = 68F6FC932A459DFE00E828DB /* Exchange.swift */; };
		68F6FCB52A459DFE00E828DB /* UniswapV2Router.swift in Sources */ = {isa = PBXBuildFile; fileRef = 68F6FC952A459DFE00E828DB /* UniswapV2Router.swift */; };
		68F6FCB62A459DFE00E828DB /* UniswapV2Pair.swift in Sources */ = {isa = PBXBuildFile; fileRef = 68F6FC962A459DFE00E828DB /* UniswapV2Pair.swift */; };
		68F6FCB72A459DFE00E828DB /* BotResponse.swift in Sources */ = {isa = PBXBuildFile; fileRef = 68F6FC982A459DFE00E828DB /* BotResponse.swift */; };
		68F6FCB82A459DFE00E828DB /* BotRequest.swift in Sources */ = {isa = PBXBuildFile; fileRef = 68F6FC992A459DFE00E828DB /* BotRequest.swift */; };
		68F6FCB92A459DFF00E828DB /* BotTopics.swift in Sources */ = {isa = PBXBuildFile; fileRef = 68F6FC9A2A459DFE00E828DB /* BotTopics.swift */; };
		68F6FCBA2A459DFF00E828DB /* AdjacencyList.swift in Sources */ = {isa = PBXBuildFile; fileRef = 68F6FC9C2A459DFE00E828DB /* AdjacencyList.swift */; };
		68F6FCBB2A459DFF00E828DB /* ReserveFeeInfo.swift in Sources */ = {isa = PBXBuildFile; fileRef = 68F6FC9D2A459DFE00E828DB /* ReserveFeeInfo.swift */; };
		68F6FCBC2A459DFF00E828DB /* CycleArbtirage.swift in Sources */ = {isa = PBXBuildFile; fileRef = 68F6FC9E2A459DFE00E828DB /* CycleArbtirage.swift */; };
		68F6FCBD2A459DFF00E828DB /* UniswapV2.swift in Sources */ = {isa = PBXBuildFile; fileRef = 68F6FCA12A459DFE00E828DB /* UniswapV2.swift */; };
		68F6FCBE2A459DFF00E828DB /* PriceDataSubscription.swift in Sources */ = {isa = PBXBuildFile; fileRef = 68F6FCA32A459DFE00E828DB /* PriceDataSubscription.swift */; };
		68F6FCBF2A459DFF00E828DB /* PriceDataSubscriptionType.swift in Sources */ = {isa = PBXBuildFile; fileRef = 68F6FCA42A459DFE00E828DB /* PriceDataSubscriptionType.swift */; };
		68F6FCC02A459DFF00E828DB /* PriceDataSubscriptionState.swift in Sources */ = {isa = PBXBuildFile; fileRef = 68F6FCA52A459DFE00E828DB /* PriceDataSubscriptionState.swift */; };
		68F6FCC12A459DFF00E828DB /* PriceDataPublisher.swift in Sources */ = {isa = PBXBuildFile; fileRef = 68F6FCA72A459DFE00E828DB /* PriceDataPublisher.swift */; };
		68F6FCC22A459DFF00E828DB /* PriceDataSubscriber.swift in Sources */ = {isa = PBXBuildFile; fileRef = 68F6FCA92A459DFE00E828DB /* PriceDataSubscriber.swift */; };
		68F6FCC42A459E8800E828DB /* arbitrager.m in Sources */ = {isa = PBXBuildFile; fileRef = 68F6FCC32A459E8800E828DB /* arbitrager.m */; };
		68F6FCC62A459EF700E828DB /* RealtimeServerController.swift in Sources */ = {isa = PBXBuildFile; fileRef = 68F6FCC52A459EF700E828DB /* RealtimeServerController.swift */; };
		68F6FCC92A45A01300E828DB /* Web3 in Frameworks */ = {isa = PBXBuildFile; productRef = 68F6FCC82A45A01300E828DB /* Web3 */; };
		68F6FCCB2A45A01300E828DB /* Web3ContractABI in Frameworks */ = {isa = PBXBuildFile; productRef = 68F6FCCA2A45A01300E828DB /* Web3ContractABI */; };
		68F6FCCD2A45A01300E828DB /* Web3PromiseKit in Frameworks */ = {isa = PBXBuildFile; productRef = 68F6FCCC2A45A01300E828DB /* Web3PromiseKit */; };
		68F6FCD02A45A0C100E828DB /* OpenCombine in Frameworks */ = {isa = PBXBuildFile; productRef = 68F6FCCF2A45A0C100E828DB /* OpenCombine */; };
		68F6FCD22A45A0C100E828DB /* OpenCombineDispatch in Frameworks */ = {isa = PBXBuildFile; productRef = 68F6FCD12A45A0C100E828DB /* OpenCombineDispatch */; };
		68F6FCD42A45A0C100E828DB /* OpenCombineFoundation in Frameworks */ = {isa = PBXBuildFile; productRef = 68F6FCD32A45A0C100E828DB /* OpenCombineFoundation */; };
		68FE7D492A4B067500D3A706 /* CollectionConcurrencyKit in Frameworks */ = {isa = PBXBuildFile; productRef = 68FE7D482A4B067500D3A706 /* CollectionConcurrencyKit */; };
		68FE7D4B2A4B10FD00D3A706 /* BigUInt+Euler.swift in Sources */ = {isa = PBXBuildFile; fileRef = 68FE7D4A2A4B10FD00D3A706 /* BigUInt+Euler.swift */; };
		68FE7D4D2A4B48CB00D3A706 /* BigInt+Typealias.swift in Sources */ = {isa = PBXBuildFile; fileRef = 68FE7D4C2A4B48CB00D3A706 /* BigInt+Typealias.swift */; };
/* End PBXBuildFile section */

/* Begin PBXContainerItemProxy section */
		68DCBF112A45E710007DCB50 /* PBXContainerItemProxy */ = {
			isa = PBXContainerItemProxy;
			containerPortal = 68F6FC602A459DA500E828DB /* Project object */;
			proxyType = 1;
			remoteGlobalIDString = 684292252A45AAA60043EF2F;
			remoteInfo = FastSockets;
		};
		68DCBF162A45E734007DCB50 /* PBXContainerItemProxy */ = {
			isa = PBXContainerItemProxy;
			containerPortal = 68F6FC602A459DA500E828DB /* Project object */;
			proxyType = 1;
			remoteGlobalIDString = 68F6FC682A459DA500E828DB;
			remoteInfo = "Arbitrage Bot";
		};
		68F6FC752A459DA500E828DB /* PBXContainerItemProxy */ = {
			isa = PBXContainerItemProxy;
			containerPortal = 68F6FC602A459DA500E828DB /* Project object */;
			proxyType = 1;
			remoteGlobalIDString = 68F6FC682A459DA500E828DB;
			remoteInfo = "Arbitrage-Bot";
		};
/* End PBXContainerItemProxy section */

/* Begin PBXCopyFilesBuildPhase section */
		68DCBF062A45E0B8007DCB50 /* CopyFiles */ = {
			isa = PBXCopyFilesBuildPhase;
			buildActionMask = 2147483647;
			dstPath = /usr/share/man/man1/;
			dstSubfolderSpec = 0;
			files = (
			);
			runOnlyForDeploymentPostprocessing = 1;
		};
		68DCBF132A45E711007DCB50 /* Embed Frameworks */ = {
			isa = PBXCopyFilesBuildPhase;
			buildActionMask = 2147483647;
			dstPath = "";
			dstSubfolderSpec = 10;
			files = (
				68DCBF102A45E710007DCB50 /* FastSockets.framework in Embed Frameworks */,
			);
			name = "Embed Frameworks";
			runOnlyForDeploymentPostprocessing = 0;
		};
		68DCBF182A45E734007DCB50 /* Embed Frameworks */ = {
			isa = PBXCopyFilesBuildPhase;
			buildActionMask = 2147483647;
			dstPath = "";
			dstSubfolderSpec = 10;
			files = (
				68DCBF152A45E734007DCB50 /* Arbitrage_Bot.framework in Embed Frameworks */,
			);
			name = "Embed Frameworks";
			runOnlyForDeploymentPostprocessing = 0;
		};
/* End PBXCopyFilesBuildPhase section */

/* Begin PBXFileReference section */
		683FF84F2A49B8410010DB3F /* Exchangeable.swift */ = {isa = PBXFileReference; lastKnownFileType = sourcecode.swift; path = Exchangeable.swift; sourceTree = "<group>"; };
		6842921D2A45A1A20043EF2F /* ArbitragerInterface.swift */ = {isa = PBXFileReference; lastKnownFileType = sourcecode.swift; path = ArbitragerInterface.swift; sourceTree = "<group>"; };
		6842921F2A45A9180043EF2F /* arbitrager.h */ = {isa = PBXFileReference; lastKnownFileType = sourcecode.c.h; path = arbitrager.h; sourceTree = "<group>"; };
		684292262A45AAA60043EF2F /* FastSockets.framework */ = {isa = PBXFileReference; explicitFileType = wrapper.framework; includeInIndex = 0; path = FastSockets.framework; sourceTree = BUILT_PRODUCTS_DIR; };
		684292282A45AAA70043EF2F /* FastSockets.h */ = {isa = PBXFileReference; lastKnownFileType = sourcecode.c.h; path = FastSockets.h; sourceTree = "<group>"; };
		6842922D2A45AAE40043EF2F /* libuwebsockets.cpp */ = {isa = PBXFileReference; lastKnownFileType = sourcecode.cpp.cpp; path = libuwebsockets.cpp; sourceTree = "<group>"; };
		6842922E2A45AAE40043EF2F /* libuwebsockets.h */ = {isa = PBXFileReference; lastKnownFileType = sourcecode.c.h; path = libuwebsockets.h; sourceTree = "<group>"; };
		68832F352A4752D400607523 /* libusockets.h */ = {isa = PBXFileReference; lastKnownFileType = sourcecode.c.h; path = libusockets.h; sourceTree = "<group>"; };
		68B34C752A498E09000548B6 /* PriceDataStoreWrapper.swift */ = {isa = PBXFileReference; lastKnownFileType = sourcecode.swift; path = PriceDataStoreWrapper.swift; sourceTree = "<group>"; };
		68DCBEFF2A45D420007DCB50 /* uSockets.a */ = {isa = PBXFileReference; lastKnownFileType = archive.ar; name = uSockets.a; path = FastSockets/uWebSockets/uSockets/uSockets.a; sourceTree = "<group>"; };
		68DCBF082A45E0B8007DCB50 /* Arbitrage Demo */ = {isa = PBXFileReference; explicitFileType = "compiled.mach-o.executable"; includeInIndex = 0; path = "Arbitrage Demo"; sourceTree = BUILT_PRODUCTS_DIR; };
		68DCBF0A2A45E0B8007DCB50 /* main.c */ = {isa = PBXFileReference; lastKnownFileType = sourcecode.c.c; path = main.c; sourceTree = "<group>"; };
		68DCBF192A45EAF6007DCB50 /* Arbitrage Demo.entitlements */ = {isa = PBXFileReference; lastKnownFileType = text.plist.entitlements; path = "Arbitrage Demo.entitlements"; sourceTree = "<group>"; };
		68F6FC692A459DA500E828DB /* Arbitrage_Bot.framework */ = {isa = PBXFileReference; explicitFileType = wrapper.framework; includeInIndex = 0; path = Arbitrage_Bot.framework; sourceTree = BUILT_PRODUCTS_DIR; };
		68F6FC6C2A459DA500E828DB /* Arbitrage_Bot.h */ = {isa = PBXFileReference; lastKnownFileType = sourcecode.c.h; path = Arbitrage_Bot.h; sourceTree = "<group>"; };
		68F6FC6D2A459DA500E828DB /* Arbitrage_Bot.docc */ = {isa = PBXFileReference; lastKnownFileType = folder.documentationcatalog; path = Arbitrage_Bot.docc; sourceTree = "<group>"; };
		68F6FC732A459DA500E828DB /* Arbitrage-BotTests.xctest */ = {isa = PBXFileReference; explicitFileType = wrapper.cfbundle; includeInIndex = 0; path = "Arbitrage-BotTests.xctest"; sourceTree = BUILT_PRODUCTS_DIR; };
		68F6FC782A459DA500E828DB /* CycleTests.swift */ = {isa = PBXFileReference; lastKnownFileType = sourcecode.swift; path = CycleTests.swift; sourceTree = "<group>"; };
		68F6FC852A459DFE00E828DB /* Array+Uint8.swift */ = {isa = PBXFileReference; fileEncoding = 4; lastKnownFileType = sourcecode.swift; path = "Array+Uint8.swift"; sourceTree = "<group>"; };
		68F6FC872A459DFE00E828DB /* AnyDecodable.swift */ = {isa = PBXFileReference; fileEncoding = 4; lastKnownFileType = sourcecode.swift; path = AnyDecodable.swift; sourceTree = "<group>"; };
		68F6FC882A459DFE00E828DB /* AnyCodable.swift */ = {isa = PBXFileReference; fileEncoding = 4; lastKnownFileType = sourcecode.swift; path = AnyCodable.swift; sourceTree = "<group>"; };
		68F6FC892A459DFE00E828DB /* AnyEncodable.swift */ = {isa = PBXFileReference; fileEncoding = 4; lastKnownFileType = sourcecode.swift; path = AnyEncodable.swift; sourceTree = "<group>"; };
		68F6FC8A2A459DFE00E828DB /* EthereumAddress.swift */ = {isa = PBXFileReference; fileEncoding = 4; lastKnownFileType = sourcecode.swift; path = EthereumAddress.swift; sourceTree = "<group>"; };
		68F6FC8C2A459DFE00E828DB /* Environment.swift */ = {isa = PBXFileReference; fileEncoding = 4; lastKnownFileType = sourcecode.swift; path = Environment.swift; sourceTree = "<group>"; };
		68F6FC8D2A459DFE00E828DB /* Pairs.swift */ = {isa = PBXFileReference; fileEncoding = 4; lastKnownFileType = sourcecode.swift; path = Pairs.swift; sourceTree = "<group>"; };
		68F6FC8E2A459DFE00E828DB /* Exchanges.swift */ = {isa = PBXFileReference; fileEncoding = 4; lastKnownFileType = sourcecode.swift; path = Exchanges.swift; sourceTree = "<group>"; };
		68F6FC8F2A459DFE00E828DB /* Credentials.swift */ = {isa = PBXFileReference; fileEncoding = 4; lastKnownFileType = sourcecode.swift; path = Credentials.swift; sourceTree = "<group>"; };
		68F6FC922A459DFE00E828DB /* Quote.swift */ = {isa = PBXFileReference; fileEncoding = 4; lastKnownFileType = sourcecode.swift; path = Quote.swift; sourceTree = "<group>"; };
		68F6FC932A459DFE00E828DB /* Exchange.swift */ = {isa = PBXFileReference; fileEncoding = 4; lastKnownFileType = sourcecode.swift; path = Exchange.swift; sourceTree = "<group>"; };
		68F6FC952A459DFE00E828DB /* UniswapV2Router.swift */ = {isa = PBXFileReference; fileEncoding = 4; lastKnownFileType = sourcecode.swift; path = UniswapV2Router.swift; sourceTree = "<group>"; };
		68F6FC962A459DFE00E828DB /* UniswapV2Pair.swift */ = {isa = PBXFileReference; fileEncoding = 4; lastKnownFileType = sourcecode.swift; path = UniswapV2Pair.swift; sourceTree = "<group>"; };
		68F6FC982A459DFE00E828DB /* BotResponse.swift */ = {isa = PBXFileReference; fileEncoding = 4; lastKnownFileType = sourcecode.swift; path = BotResponse.swift; sourceTree = "<group>"; };
		68F6FC992A459DFE00E828DB /* BotRequest.swift */ = {isa = PBXFileReference; fileEncoding = 4; lastKnownFileType = sourcecode.swift; path = BotRequest.swift; sourceTree = "<group>"; };
		68F6FC9A2A459DFE00E828DB /* BotTopics.swift */ = {isa = PBXFileReference; fileEncoding = 4; lastKnownFileType = sourcecode.swift; path = BotTopics.swift; sourceTree = "<group>"; };
		68F6FC9C2A459DFE00E828DB /* AdjacencyList.swift */ = {isa = PBXFileReference; fileEncoding = 4; lastKnownFileType = sourcecode.swift; path = AdjacencyList.swift; sourceTree = "<group>"; };
		68F6FC9D2A459DFE00E828DB /* ReserveFeeInfo.swift */ = {isa = PBXFileReference; fileEncoding = 4; lastKnownFileType = sourcecode.swift; path = ReserveFeeInfo.swift; sourceTree = "<group>"; };
		68F6FC9E2A459DFE00E828DB /* CycleArbtirage.swift */ = {isa = PBXFileReference; fileEncoding = 4; lastKnownFileType = sourcecode.swift; path = CycleArbtirage.swift; sourceTree = "<group>"; };
		68F6FCA12A459DFE00E828DB /* UniswapV2.swift */ = {isa = PBXFileReference; fileEncoding = 4; lastKnownFileType = sourcecode.swift; path = UniswapV2.swift; sourceTree = "<group>"; };
		68F6FCA32A459DFE00E828DB /* PriceDataSubscription.swift */ = {isa = PBXFileReference; fileEncoding = 4; lastKnownFileType = sourcecode.swift; path = PriceDataSubscription.swift; sourceTree = "<group>"; };
		68F6FCA42A459DFE00E828DB /* PriceDataSubscriptionType.swift */ = {isa = PBXFileReference; fileEncoding = 4; lastKnownFileType = sourcecode.swift; path = PriceDataSubscriptionType.swift; sourceTree = "<group>"; };
		68F6FCA52A459DFE00E828DB /* PriceDataSubscriptionState.swift */ = {isa = PBXFileReference; fileEncoding = 4; lastKnownFileType = sourcecode.swift; path = PriceDataSubscriptionState.swift; sourceTree = "<group>"; };
		68F6FCA72A459DFE00E828DB /* PriceDataPublisher.swift */ = {isa = PBXFileReference; fileEncoding = 4; lastKnownFileType = sourcecode.swift; path = PriceDataPublisher.swift; sourceTree = "<group>"; };
		68F6FCA92A459DFE00E828DB /* PriceDataSubscriber.swift */ = {isa = PBXFileReference; fileEncoding = 4; lastKnownFileType = sourcecode.swift; path = PriceDataSubscriber.swift; sourceTree = "<group>"; };
		68F6FCC32A459E8800E828DB /* arbitrager.m */ = {isa = PBXFileReference; lastKnownFileType = sourcecode.c.objc; path = arbitrager.m; sourceTree = "<group>"; };
		68F6FCC52A459EF700E828DB /* RealtimeServerController.swift */ = {isa = PBXFileReference; lastKnownFileType = sourcecode.swift; path = RealtimeServerController.swift; sourceTree = "<group>"; };
		68FE7D4A2A4B10FD00D3A706 /* BigUInt+Euler.swift */ = {isa = PBXFileReference; lastKnownFileType = sourcecode.swift; path = "BigUInt+Euler.swift"; sourceTree = "<group>"; };
		68FE7D4C2A4B48CB00D3A706 /* BigInt+Typealias.swift */ = {isa = PBXFileReference; lastKnownFileType = sourcecode.swift; path = "BigInt+Typealias.swift"; sourceTree = "<group>"; };
/* End PBXFileReference section */

/* Begin PBXFrameworksBuildPhase section */
		684292232A45AAA60043EF2F /* Frameworks */ = {
			isa = PBXFrameworksBuildPhase;
			buildActionMask = 2147483647;
			files = (
				6809AFA72A486FB100A89952 /* uSockets.a in Frameworks */,
			);
			runOnlyForDeploymentPostprocessing = 0;
		};
		68DCBF052A45E0B8007DCB50 /* Frameworks */ = {
			isa = PBXFrameworksBuildPhase;
			buildActionMask = 2147483647;
			files = (
				68DCBF142A45E734007DCB50 /* Arbitrage_Bot.framework in Frameworks */,
			);
			runOnlyForDeploymentPostprocessing = 0;
		};
		68F6FC662A459DA500E828DB /* Frameworks */ = {
			isa = PBXFrameworksBuildPhase;
			buildActionMask = 2147483647;
			files = (
				6842921C2A45A1120043EF2F /* Euler in Frameworks */,
				68F6FCCB2A45A01300E828DB /* Web3ContractABI in Frameworks */,
				68F6FCD42A45A0C100E828DB /* OpenCombineFoundation in Frameworks */,
				68DCBF0F2A45E710007DCB50 /* FastSockets.framework in Frameworks */,
				68F6FCCD2A45A01300E828DB /* Web3PromiseKit in Frameworks */,
				68FE7D492A4B067500D3A706 /* CollectionConcurrencyKit in Frameworks */,
				68F6FCD22A45A0C100E828DB /* OpenCombineDispatch in Frameworks */,
				68F6FCD02A45A0C100E828DB /* OpenCombine in Frameworks */,
				68F6FCC92A45A01300E828DB /* Web3 in Frameworks */,
			);
			runOnlyForDeploymentPostprocessing = 0;
		};
		68F6FC702A459DA500E828DB /* Frameworks */ = {
			isa = PBXFrameworksBuildPhase;
			buildActionMask = 2147483647;
			files = (
				68F6FC742A459DA500E828DB /* Arbitrage_Bot.framework in Frameworks */,
			);
			runOnlyForDeploymentPostprocessing = 0;
		};
/* End PBXFrameworksBuildPhase section */

/* Begin PBXGroup section */
		684292272A45AAA70043EF2F /* FastSockets */ = {
			isa = PBXGroup;
			children = (
				684292282A45AAA70043EF2F /* FastSockets.h */,
				6842922D2A45AAE40043EF2F /* libuwebsockets.cpp */,
				6842922E2A45AAE40043EF2F /* libuwebsockets.h */,
				68832F352A4752D400607523 /* libusockets.h */,
			);
			path = FastSockets;
			sourceTree = "<group>";
		};
		68DCBEFE2A45D420007DCB50 /* Frameworks */ = {
			isa = PBXGroup;
			children = (
				68DCBEFF2A45D420007DCB50 /* uSockets.a */,
			);
			name = Frameworks;
			sourceTree = "<group>";
		};
		68DCBF092A45E0B8007DCB50 /* Arbitrage Demo */ = {
			isa = PBXGroup;
			children = (
				68DCBF192A45EAF6007DCB50 /* Arbitrage Demo.entitlements */,
				68DCBF0A2A45E0B8007DCB50 /* main.c */,
			);
			path = "Arbitrage Demo";
			sourceTree = "<group>";
		};
		68F6FC5F2A459DA500E828DB = {
			isa = PBXGroup;
			children = (
				68F6FC6B2A459DA500E828DB /* Arbitrage Bot */,
				68F6FC772A459DA500E828DB /* Arbitrage-BotTests */,
				684292272A45AAA70043EF2F /* FastSockets */,
				68DCBF092A45E0B8007DCB50 /* Arbitrage Demo */,
				68F6FC6A2A459DA500E828DB /* Products */,
				68DCBEFE2A45D420007DCB50 /* Frameworks */,
			);
			sourceTree = "<group>";
		};
		68F6FC6A2A459DA500E828DB /* Products */ = {
			isa = PBXGroup;
			children = (
				68F6FC692A459DA500E828DB /* Arbitrage_Bot.framework */,
				68F6FC732A459DA500E828DB /* Arbitrage-BotTests.xctest */,
				684292262A45AAA60043EF2F /* FastSockets.framework */,
				68DCBF082A45E0B8007DCB50 /* Arbitrage Demo */,
			);
			name = Products;
			sourceTree = "<group>";
		};
		68F6FC6B2A459DA500E828DB /* Arbitrage Bot */ = {
			isa = PBXGroup;
			children = (
				68F6FC832A459DDE00E828DB /* Aggregator */,
				68F6FC6C2A459DA500E828DB /* Arbitrage_Bot.h */,
				68F6FC6D2A459DA500E828DB /* Arbitrage_Bot.docc */,
				68F6FCC32A459E8800E828DB /* arbitrager.m */,
				6842921F2A45A9180043EF2F /* arbitrager.h */,
			);
			path = "Arbitrage Bot";
			sourceTree = "<group>";
		};
		68F6FC772A459DA500E828DB /* Arbitrage-BotTests */ = {
			isa = PBXGroup;
			children = (
				68F6FC782A459DA500E828DB /* CycleTests.swift */,
			);
			path = "Arbitrage-BotTests";
			sourceTree = "<group>";
		};
		68F6FC832A459DDE00E828DB /* Aggregator */ = {
			isa = PBXGroup;
			children = (
				68F6FC9F2A459DFE00E828DB /* Controller */,
				68F6FC8B2A459DFE00E828DB /* Global */,
				68F6FC902A459DFE00E828DB /* Model */,
				68F6FC842A459DFE00E828DB /* Utils */,
				6842921D2A45A1A20043EF2F /* ArbitragerInterface.swift */,
			);
			path = Aggregator;
			sourceTree = "<group>";
		};
		68F6FC842A459DFE00E828DB /* Utils */ = {
			isa = PBXGroup;
			children = (
				68F6FC852A459DFE00E828DB /* Array+Uint8.swift */,
				68F6FC862A459DFE00E828DB /* AnyCodable */,
				68F6FC8A2A459DFE00E828DB /* EthereumAddress.swift */,
				68FE7D4A2A4B10FD00D3A706 /* BigUInt+Euler.swift */,
				68FE7D4C2A4B48CB00D3A706 /* BigInt+Typealias.swift */,
			);
			name = Utils;
			path = "../../../arbitrage-server/Sources/Arbitrer/Utils";
			sourceTree = "<group>";
		};
		68F6FC862A459DFE00E828DB /* AnyCodable */ = {
			isa = PBXGroup;
			children = (
				68F6FC872A459DFE00E828DB /* AnyDecodable.swift */,
				68F6FC882A459DFE00E828DB /* AnyCodable.swift */,
				68F6FC892A459DFE00E828DB /* AnyEncodable.swift */,
			);
			path = AnyCodable;
			sourceTree = "<group>";
		};
		68F6FC8B2A459DFE00E828DB /* Global */ = {
			isa = PBXGroup;
			children = (
				68F6FC8C2A459DFE00E828DB /* Environment.swift */,
				68F6FC8D2A459DFE00E828DB /* Pairs.swift */,
				68F6FC8E2A459DFE00E828DB /* Exchanges.swift */,
				68F6FC8F2A459DFE00E828DB /* Credentials.swift */,
			);
			name = Global;
			path = "../../../arbitrage-server/Sources/Arbitrer/Global";
			sourceTree = "<group>";
		};
		68F6FC902A459DFE00E828DB /* Model */ = {
			isa = PBXGroup;
			children = (
				68F6FC912A459DFE00E828DB /* Exchanges */,
				68F6FC942A459DFE00E828DB /* Contracts */,
				68F6FC972A459DFE00E828DB /* Server */,
				68F6FC9B2A459DFE00E828DB /* Data */,
			);
			name = Model;
			path = "../../../arbitrage-server/Sources/Arbitrer/Model";
			sourceTree = "<group>";
		};
		68F6FC912A459DFE00E828DB /* Exchanges */ = {
			isa = PBXGroup;
			children = (
				68F6FC922A459DFE00E828DB /* Quote.swift */,
				68F6FC932A459DFE00E828DB /* Exchange.swift */,
				683FF84F2A49B8410010DB3F /* Exchangeable.swift */,
			);
			path = Exchanges;
			sourceTree = "<group>";
		};
		68F6FC942A459DFE00E828DB /* Contracts */ = {
			isa = PBXGroup;
			children = (
				68F6FC952A459DFE00E828DB /* UniswapV2Router.swift */,
				68F6FC962A459DFE00E828DB /* UniswapV2Pair.swift */,
			);
			path = Contracts;
			sourceTree = "<group>";
		};
		68F6FC972A459DFE00E828DB /* Server */ = {
			isa = PBXGroup;
			children = (
				68F6FC982A459DFE00E828DB /* BotResponse.swift */,
				68F6FC992A459DFE00E828DB /* BotRequest.swift */,
				68F6FC9A2A459DFE00E828DB /* BotTopics.swift */,
			);
			path = Server;
			sourceTree = "<group>";
		};
		68F6FC9B2A459DFE00E828DB /* Data */ = {
			isa = PBXGroup;
			children = (
				68F6FC9C2A459DFE00E828DB /* AdjacencyList.swift */,
				68F6FC9D2A459DFE00E828DB /* ReserveFeeInfo.swift */,
				68F6FC9E2A459DFE00E828DB /* CycleArbtirage.swift */,
				68B34C752A498E09000548B6 /* PriceDataStoreWrapper.swift */,
			);
			path = Data;
			sourceTree = "<group>";
		};
		68F6FC9F2A459DFE00E828DB /* Controller */ = {
			isa = PBXGroup;
			children = (
				68F6FCA02A459DFE00E828DB /* Exchanges */,
				68F6FCA22A459DFE00E828DB /* Subscriptions */,
				68F6FCA62A459DFE00E828DB /* Publishers */,
				68F6FCA82A459DFE00E828DB /* Subscriber */,
				68F6FCC52A459EF700E828DB /* RealtimeServerController.swift */,
			);
			name = Controller;
			path = "../../../arbitrage-server/Sources/Arbitrer/Controller";
			sourceTree = "<group>";
		};
		68F6FCA02A459DFE00E828DB /* Exchanges */ = {
			isa = PBXGroup;
			children = (
				68F6FCA12A459DFE00E828DB /* UniswapV2.swift */,
			);
			path = Exchanges;
			sourceTree = "<group>";
		};
		68F6FCA22A459DFE00E828DB /* Subscriptions */ = {
			isa = PBXGroup;
			children = (
				68F6FCA32A459DFE00E828DB /* PriceDataSubscription.swift */,
				68F6FCA42A459DFE00E828DB /* PriceDataSubscriptionType.swift */,
				68F6FCA52A459DFE00E828DB /* PriceDataSubscriptionState.swift */,
			);
			path = Subscriptions;
			sourceTree = "<group>";
		};
		68F6FCA62A459DFE00E828DB /* Publishers */ = {
			isa = PBXGroup;
			children = (
				68F6FCA72A459DFE00E828DB /* PriceDataPublisher.swift */,
			);
			path = Publishers;
			sourceTree = "<group>";
		};
		68F6FCA82A459DFE00E828DB /* Subscriber */ = {
			isa = PBXGroup;
			children = (
				68F6FCA92A459DFE00E828DB /* PriceDataSubscriber.swift */,
			);
			path = Subscriber;
			sourceTree = "<group>";
		};
/* End PBXGroup section */

/* Begin PBXHeadersBuildPhase section */
		684292212A45AAA60043EF2F /* Headers */ = {
			isa = PBXHeadersBuildPhase;
			buildActionMask = 2147483647;
			files = (
				68DCBF032A45DEC3007DCB50 /* libuwebsockets.h in Headers */,
				684292292A45AAA70043EF2F /* FastSockets.h in Headers */,
				68832F362A47531300607523 /* libusockets.h in Headers */,
			);
			runOnlyForDeploymentPostprocessing = 0;
		};
		68F6FC642A459DA500E828DB /* Headers */ = {
			isa = PBXHeadersBuildPhase;
			buildActionMask = 2147483647;
			files = (
				684292202A45A9180043EF2F /* arbitrager.h in Headers */,
				68F6FC7A2A459DA500E828DB /* Arbitrage_Bot.h in Headers */,
			);
			runOnlyForDeploymentPostprocessing = 0;
		};
/* End PBXHeadersBuildPhase section */

/* Begin PBXNativeTarget section */
		684292252A45AAA60043EF2F /* FastSockets */ = {
			isa = PBXNativeTarget;
			buildConfigurationList = 6842922A2A45AAA70043EF2F /* Build configuration list for PBXNativeTarget "FastSockets" */;
			buildPhases = (
				684292212A45AAA60043EF2F /* Headers */,
				684292222A45AAA60043EF2F /* Sources */,
				684292232A45AAA60043EF2F /* Frameworks */,
				684292242A45AAA60043EF2F /* Resources */,
			);
			buildRules = (
			);
			dependencies = (
			);
			name = FastSockets;
			productName = FastSockets;
			productReference = 684292262A45AAA60043EF2F /* FastSockets.framework */;
			productType = "com.apple.product-type.framework";
		};
		68DCBF072A45E0B8007DCB50 /* Arbitrage Demo */ = {
			isa = PBXNativeTarget;
			buildConfigurationList = 68DCBF0C2A45E0B8007DCB50 /* Build configuration list for PBXNativeTarget "Arbitrage Demo" */;
			buildPhases = (
				68DCBF042A45E0B8007DCB50 /* Sources */,
				68DCBF052A45E0B8007DCB50 /* Frameworks */,
				68DCBF062A45E0B8007DCB50 /* CopyFiles */,
				68DCBF182A45E734007DCB50 /* Embed Frameworks */,
			);
			buildRules = (
			);
			dependencies = (
				68DCBF172A45E734007DCB50 /* PBXTargetDependency */,
			);
			name = "Arbitrage Demo";
			productName = "Arbitrage Demo";
			productReference = 68DCBF082A45E0B8007DCB50 /* Arbitrage Demo */;
			productType = "com.apple.product-type.tool";
		};
		68F6FC682A459DA500E828DB /* Arbitrage Bot */ = {
			isa = PBXNativeTarget;
			buildConfigurationList = 68F6FC7D2A459DA500E828DB /* Build configuration list for PBXNativeTarget "Arbitrage Bot" */;
			buildPhases = (
				68F6FC642A459DA500E828DB /* Headers */,
				68F6FC652A459DA500E828DB /* Sources */,
				68F6FC662A459DA500E828DB /* Frameworks */,
				68F6FC672A459DA500E828DB /* Resources */,
				68DCBF132A45E711007DCB50 /* Embed Frameworks */,
			);
			buildRules = (
			);
			dependencies = (
				68DCBF122A45E710007DCB50 /* PBXTargetDependency */,
			);
			name = "Arbitrage Bot";
			packageProductDependencies = (
				68F6FCC82A45A01300E828DB /* Web3 */,
				68F6FCCA2A45A01300E828DB /* Web3ContractABI */,
				68F6FCCC2A45A01300E828DB /* Web3PromiseKit */,
				68F6FCCF2A45A0C100E828DB /* OpenCombine */,
				68F6FCD12A45A0C100E828DB /* OpenCombineDispatch */,
				68F6FCD32A45A0C100E828DB /* OpenCombineFoundation */,
				6842921B2A45A1120043EF2F /* Euler */,
				68FE7D482A4B067500D3A706 /* CollectionConcurrencyKit */,
			);
			productName = "Arbitrage-Bot";
			productReference = 68F6FC692A459DA500E828DB /* Arbitrage_Bot.framework */;
			productType = "com.apple.product-type.framework";
		};
		68F6FC722A459DA500E828DB /* Arbitrage-BotTests */ = {
			isa = PBXNativeTarget;
			buildConfigurationList = 68F6FC802A459DA500E828DB /* Build configuration list for PBXNativeTarget "Arbitrage-BotTests" */;
			buildPhases = (
				68F6FC6F2A459DA500E828DB /* Sources */,
				68F6FC702A459DA500E828DB /* Frameworks */,
				68F6FC712A459DA500E828DB /* Resources */,
			);
			buildRules = (
			);
			dependencies = (
				68F6FC762A459DA500E828DB /* PBXTargetDependency */,
			);
			name = "Arbitrage-BotTests";
			productName = "Arbitrage-BotTests";
			productReference = 68F6FC732A459DA500E828DB /* Arbitrage-BotTests.xctest */;
			productType = "com.apple.product-type.bundle.unit-test";
		};
/* End PBXNativeTarget section */

/* Begin PBXProject section */
		68F6FC602A459DA500E828DB /* Project object */ = {
			isa = PBXProject;
			attributes = {
				BuildIndependentTargetsInParallel = 1;
				LastSwiftUpdateCheck = 1500;
				LastUpgradeCheck = 1500;
				TargetAttributes = {
					684292252A45AAA60043EF2F = {
						CreatedOnToolsVersion = 15.0;
					};
					68DCBF072A45E0B8007DCB50 = {
						CreatedOnToolsVersion = 15.0;
					};
					68F6FC682A459DA500E828DB = {
						CreatedOnToolsVersion = 15.0;
						LastSwiftMigration = 1500;
					};
					68F6FC722A459DA500E828DB = {
						CreatedOnToolsVersion = 15.0;
					};
				};
			};
			buildConfigurationList = 68F6FC632A459DA500E828DB /* Build configuration list for PBXProject "Arbitrage-Bot" */;
			compatibilityVersion = "Xcode 14.0";
			developmentRegion = en;
			hasScannedForEncodings = 0;
			knownRegions = (
				en,
				Base,
			);
			mainGroup = 68F6FC5F2A459DA500E828DB;
			packageReferences = (
				68F6FCC72A45A01300E828DB /* XCRemoteSwiftPackageReference "Web3" */,
				68F6FCCE2A45A0C100E828DB /* XCRemoteSwiftPackageReference "OpenCombine" */,
				6842921A2A45A1120043EF2F /* XCRemoteSwiftPackageReference "Euler" */,
				68FE7D472A4B067500D3A706 /* XCRemoteSwiftPackageReference "CollectionConcurrencyKit" */,
			);
			productRefGroup = 68F6FC6A2A459DA500E828DB /* Products */;
			projectDirPath = "";
			projectRoot = "";
			targets = (
				68F6FC682A459DA500E828DB /* Arbitrage Bot */,
				68F6FC722A459DA500E828DB /* Arbitrage-BotTests */,
				684292252A45AAA60043EF2F /* FastSockets */,
				68DCBF072A45E0B8007DCB50 /* Arbitrage Demo */,
			);
		};
/* End PBXProject section */

/* Begin PBXResourcesBuildPhase section */
		684292242A45AAA60043EF2F /* Resources */ = {
			isa = PBXResourcesBuildPhase;
			buildActionMask = 2147483647;
			files = (
			);
			runOnlyForDeploymentPostprocessing = 0;
		};
		68F6FC672A459DA500E828DB /* Resources */ = {
			isa = PBXResourcesBuildPhase;
			buildActionMask = 2147483647;
			files = (
			);
			runOnlyForDeploymentPostprocessing = 0;
		};
		68F6FC712A459DA500E828DB /* Resources */ = {
			isa = PBXResourcesBuildPhase;
			buildActionMask = 2147483647;
			files = (
			);
			runOnlyForDeploymentPostprocessing = 0;
		};
/* End PBXResourcesBuildPhase section */

/* Begin PBXSourcesBuildPhase section */
		684292222A45AAA60043EF2F /* Sources */ = {
			isa = PBXSourcesBuildPhase;
			buildActionMask = 2147483647;
			files = (
				6842922F2A45AAE40043EF2F /* libuwebsockets.cpp in Sources */,
			);
			runOnlyForDeploymentPostprocessing = 0;
		};
		68DCBF042A45E0B8007DCB50 /* Sources */ = {
			isa = PBXSourcesBuildPhase;
			buildActionMask = 2147483647;
			files = (
				68DCBF0B2A45E0B8007DCB50 /* main.c in Sources */,
			);
			runOnlyForDeploymentPostprocessing = 0;
		};
		68F6FC652A459DA500E828DB /* Sources */ = {
			isa = PBXSourcesBuildPhase;
			buildActionMask = 2147483647;
			files = (
				68F6FCAB2A459DFE00E828DB /* AnyDecodable.swift in Sources */,
				68B34C762A498E09000548B6 /* PriceDataStoreWrapper.swift in Sources */,
				68F6FCB12A459DFE00E828DB /* Exchanges.swift in Sources */,
				68F6FCB22A459DFE00E828DB /* Credentials.swift in Sources */,
				68F6FCBB2A459DFF00E828DB /* ReserveFeeInfo.swift in Sources */,
				683FF8502A49B8410010DB3F /* Exchangeable.swift in Sources */,
				6842921E2A45A1A20043EF2F /* ArbitragerInterface.swift in Sources */,
				68F6FCAD2A459DFE00E828DB /* AnyEncodable.swift in Sources */,
				68FE7D4B2A4B10FD00D3A706 /* BigUInt+Euler.swift in Sources */,
				68F6FCAC2A459DFE00E828DB /* AnyCodable.swift in Sources */,
				68F6FCBF2A459DFF00E828DB /* PriceDataSubscriptionType.swift in Sources */,
				68F6FCC62A459EF700E828DB /* RealtimeServerController.swift in Sources */,
				68F6FCB72A459DFE00E828DB /* BotResponse.swift in Sources */,
				68F6FCB92A459DFF00E828DB /* BotTopics.swift in Sources */,
				68F6FCAF2A459DFE00E828DB /* Environment.swift in Sources */,
				68F6FCAE2A459DFE00E828DB /* EthereumAddress.swift in Sources */,
				68F6FCC22A459DFF00E828DB /* PriceDataSubscriber.swift in Sources */,
				68F6FCBE2A459DFF00E828DB /* PriceDataSubscription.swift in Sources */,
				68F6FCB52A459DFE00E828DB /* UniswapV2Router.swift in Sources */,
				68F6FCB82A459DFE00E828DB /* BotRequest.swift in Sources */,
				68F6FCBC2A459DFF00E828DB /* CycleArbtirage.swift in Sources */,
				68F6FCB02A459DFE00E828DB /* Pairs.swift in Sources */,
				68F6FCBA2A459DFF00E828DB /* AdjacencyList.swift in Sources */,
				68F6FCB42A459DFE00E828DB /* Exchange.swift in Sources */,
				68F6FCBD2A459DFF00E828DB /* UniswapV2.swift in Sources */,
				68F6FCAA2A459DFE00E828DB /* Array+Uint8.swift in Sources */,
				68F6FCC42A459E8800E828DB /* arbitrager.m in Sources */,
				68F6FCC02A459DFF00E828DB /* PriceDataSubscriptionState.swift in Sources */,
				68F6FCB62A459DFE00E828DB /* UniswapV2Pair.swift in Sources */,
				68F6FC6E2A459DA500E828DB /* Arbitrage_Bot.docc in Sources */,
				68FE7D4D2A4B48CB00D3A706 /* BigInt+Typealias.swift in Sources */,
				68F6FCB32A459DFE00E828DB /* Quote.swift in Sources */,
				68F6FCC12A459DFF00E828DB /* PriceDataPublisher.swift in Sources */,
			);
			runOnlyForDeploymentPostprocessing = 0;
		};
		68F6FC6F2A459DA500E828DB /* Sources */ = {
			isa = PBXSourcesBuildPhase;
			buildActionMask = 2147483647;
			files = (
				68F6FC792A459DA500E828DB /* CycleTests.swift in Sources */,
			);
			runOnlyForDeploymentPostprocessing = 0;
		};
/* End PBXSourcesBuildPhase section */

/* Begin PBXTargetDependency section */
		68DCBF122A45E710007DCB50 /* PBXTargetDependency */ = {
			isa = PBXTargetDependency;
			target = 684292252A45AAA60043EF2F /* FastSockets */;
			targetProxy = 68DCBF112A45E710007DCB50 /* PBXContainerItemProxy */;
		};
		68DCBF172A45E734007DCB50 /* PBXTargetDependency */ = {
			isa = PBXTargetDependency;
			target = 68F6FC682A459DA500E828DB /* Arbitrage Bot */;
			targetProxy = 68DCBF162A45E734007DCB50 /* PBXContainerItemProxy */;
		};
		68F6FC762A459DA500E828DB /* PBXTargetDependency */ = {
			isa = PBXTargetDependency;
			target = 68F6FC682A459DA500E828DB /* Arbitrage Bot */;
			targetProxy = 68F6FC752A459DA500E828DB /* PBXContainerItemProxy */;
		};
/* End PBXTargetDependency section */

/* Begin XCBuildConfiguration section */
		6842922B2A45AAA70043EF2F /* Debug */ = {
			isa = XCBuildConfiguration;
			buildSettings = {
				ALLOW_TARGET_PLATFORM_SPECIALIZATION = YES;
				CLANG_ALLOW_NON_MODULAR_INCLUDES_IN_FRAMEWORK_MODULES = NO;
				CLANG_ENABLE_MODULES = YES;
				CODE_SIGN_IDENTITY = "Apple Development";
				CODE_SIGN_STYLE = Automatic;
				CURRENT_PROJECT_VERSION = 1;
				DEFINES_MODULE = YES;
				DEVELOPMENT_TEAM = 73CCF549YB;
				DYLIB_COMPATIBILITY_VERSION = 1;
				DYLIB_CURRENT_VERSION = 1;
				DYLIB_INSTALL_NAME_BASE = "@rpath";
				ENABLE_MODULE_VERIFIER = YES;
				GCC_VERSION = "";
				GENERATE_INFOPLIST_FILE = YES;
				HEADER_SEARCH_PATHS = "";
				INFOPLIST_KEY_NSHumanReadableCopyright = "";
				INSTALL_PATH = "$(LOCAL_LIBRARY_DIR)/Frameworks";
				IPHONEOS_DEPLOYMENT_TARGET = 17.0;
				LD_RUNPATH_SEARCH_PATHS = (
					"@executable_path/Frameworks",
					"@loader_path/Frameworks",
				);
				"LD_RUNPATH_SEARCH_PATHS[sdk=macosx*]" = (
					"@executable_path/../Frameworks",
					"@loader_path/Frameworks",
				);
				LIBRARY_SEARCH_PATHS = (
					"$(inherited)",
					"$(PROJECT_DIR)/FastSockets/uWebSockets/uSockets",
				);
				MACOSX_DEPLOYMENT_TARGET = 14.0;
				MARKETING_VERSION = 1.0;
				MODULE_VERIFIER_SUPPORTED_LANGUAGES = "objective-c objective-c++";
				MODULE_VERIFIER_SUPPORTED_LANGUAGE_STANDARDS = "gnu17 gnu++20";
				OTHER_CFLAGS = "";
				OTHER_LDFLAGS = "-lz";
				PRODUCT_BUNDLE_IDENTIFIER = com.PyratzLabs.FastSockets;
				PRODUCT_NAME = "$(TARGET_NAME:c99extidentifier)";
				SDKROOT = auto;
				SKIP_INSTALL = YES;
				SUPPORTED_PLATFORMS = "xrsimulator xros watchsimulator watchos macosx iphonesimulator iphoneos driverkit appletvsimulator appletvos";
				SUPPORTS_MACCATALYST = YES;
				SWIFT_EMIT_LOC_STRINGS = YES;
				SWIFT_VERSION = 5.0;
				SYSTEM_HEADER_SEARCH_PATHS = "/usr/local/include/uWebSockets/**";
				TARGETED_DEVICE_FAMILY = "1,2";
			};
			name = Debug;
		};
		6842922C2A45AAA70043EF2F /* Release */ = {
			isa = XCBuildConfiguration;
			buildSettings = {
				ALLOW_TARGET_PLATFORM_SPECIALIZATION = YES;
				CLANG_ALLOW_NON_MODULAR_INCLUDES_IN_FRAMEWORK_MODULES = NO;
				CLANG_ENABLE_MODULES = YES;
				CODE_SIGN_IDENTITY = "Apple Development";
				CODE_SIGN_STYLE = Automatic;
				CURRENT_PROJECT_VERSION = 1;
				DEFINES_MODULE = YES;
				DEVELOPMENT_TEAM = 73CCF549YB;
				DYLIB_COMPATIBILITY_VERSION = 1;
				DYLIB_CURRENT_VERSION = 1;
				DYLIB_INSTALL_NAME_BASE = "@rpath";
				ENABLE_MODULE_VERIFIER = YES;
				GCC_VERSION = "";
				GENERATE_INFOPLIST_FILE = YES;
				HEADER_SEARCH_PATHS = "";
				INFOPLIST_KEY_NSHumanReadableCopyright = "";
				INSTALL_PATH = "$(LOCAL_LIBRARY_DIR)/Frameworks";
				IPHONEOS_DEPLOYMENT_TARGET = 17.0;
				LD_RUNPATH_SEARCH_PATHS = (
					"@executable_path/Frameworks",
					"@loader_path/Frameworks",
				);
				"LD_RUNPATH_SEARCH_PATHS[sdk=macosx*]" = (
					"@executable_path/../Frameworks",
					"@loader_path/Frameworks",
				);
				LIBRARY_SEARCH_PATHS = (
					"$(inherited)",
					"$(PROJECT_DIR)/FastSockets/uWebSockets/uSockets",
				);
				MACOSX_DEPLOYMENT_TARGET = 14.0;
				MARKETING_VERSION = 1.0;
				MODULE_VERIFIER_SUPPORTED_LANGUAGES = "objective-c objective-c++";
				MODULE_VERIFIER_SUPPORTED_LANGUAGE_STANDARDS = "gnu17 gnu++20";
				OTHER_CFLAGS = "";
				OTHER_LDFLAGS = "-lz";
				PRODUCT_BUNDLE_IDENTIFIER = com.PyratzLabs.FastSockets;
				PRODUCT_NAME = "$(TARGET_NAME:c99extidentifier)";
				SDKROOT = auto;
				SKIP_INSTALL = YES;
				SUPPORTED_PLATFORMS = "xrsimulator xros watchsimulator watchos macosx iphonesimulator iphoneos driverkit appletvsimulator appletvos";
				SUPPORTS_MACCATALYST = YES;
				SWIFT_EMIT_LOC_STRINGS = YES;
				SWIFT_VERSION = 5.0;
				SYSTEM_HEADER_SEARCH_PATHS = "/usr/local/include/uWebSockets/**";
				TARGETED_DEVICE_FAMILY = "1,2";
			};
			name = Release;
		};
		68DCBF0D2A45E0B8007DCB50 /* Debug */ = {
			isa = XCBuildConfiguration;
			buildSettings = {
				ALLOW_TARGET_PLATFORM_SPECIALIZATION = YES;
				CODE_SIGN_ENTITLEMENTS = "Arbitrage Demo/Arbitrage Demo.entitlements";
				CODE_SIGN_INJECT_BASE_ENTITLEMENTS = YES;
				CODE_SIGN_STYLE = Automatic;
				DEVELOPMENT_TEAM = 73CCF549YB;
				ENABLE_HARDENED_RUNTIME = NO;
				"ENABLE_HARDENED_RUNTIME[sdk=macosx*]" = YES;
				GCC_C_LANGUAGE_STANDARD = "compiler-default";
				LD_RUNPATH_SEARCH_PATHS = "@executable_path/";
				MACOSX_DEPLOYMENT_TARGET = 14.0;
				OTHER_LDFLAGS = "";
				PRODUCT_BUNDLE_IDENTIFIER = "com.PyratzLabs.Arbitrage-Demo";
				PRODUCT_NAME = "$(TARGET_NAME)";
				SDKROOT = macosx;
				SUPPORTED_PLATFORMS = "xrsimulator xros watchsimulator watchos macosx iphonesimulator iphoneos driverkit appletvsimulator appletvos";
				SUPPORTS_MACCATALYST = YES;
			};
			name = Debug;
		};
		68DCBF0E2A45E0B8007DCB50 /* Release */ = {
			isa = XCBuildConfiguration;
			buildSettings = {
				ALLOW_TARGET_PLATFORM_SPECIALIZATION = YES;
				CODE_SIGN_ENTITLEMENTS = "Arbitrage Demo/Arbitrage Demo.entitlements";
				CODE_SIGN_INJECT_BASE_ENTITLEMENTS = YES;
				CODE_SIGN_STYLE = Automatic;
				DEVELOPMENT_TEAM = 73CCF549YB;
				ENABLE_HARDENED_RUNTIME = NO;
				"ENABLE_HARDENED_RUNTIME[sdk=macosx*]" = YES;
				GCC_C_LANGUAGE_STANDARD = "compiler-default";
				LD_RUNPATH_SEARCH_PATHS = "@executable_path/";
				MACOSX_DEPLOYMENT_TARGET = 14.0;
				OTHER_LDFLAGS = "";
				PRODUCT_BUNDLE_IDENTIFIER = "com.PyratzLabs.Arbitrage-Demo";
				PRODUCT_NAME = "$(TARGET_NAME)";
				SDKROOT = macosx;
				SUPPORTED_PLATFORMS = "xrsimulator xros watchsimulator watchos macosx iphonesimulator iphoneos driverkit appletvsimulator appletvos";
				SUPPORTS_MACCATALYST = YES;
			};
			name = Release;
		};
		68F6FC7B2A459DA500E828DB /* Debug */ = {
			isa = XCBuildConfiguration;
			buildSettings = {
				ALWAYS_SEARCH_USER_PATHS = NO;
				ASSETCATALOG_COMPILER_GENERATE_SWIFT_ASSET_SYMBOL_EXTENSIONS = YES;
				CLANG_ANALYZER_NONNULL = YES;
				CLANG_ANALYZER_NUMBER_OBJECT_CONVERSION = YES_AGGRESSIVE;
				CLANG_CXX_LANGUAGE_STANDARD = "gnu++20";
				CLANG_ENABLE_MODULES = YES;
				CLANG_ENABLE_OBJC_ARC = YES;
				CLANG_ENABLE_OBJC_WEAK = YES;
				CLANG_WARN_BLOCK_CAPTURE_AUTORELEASING = YES;
				CLANG_WARN_BOOL_CONVERSION = YES;
				CLANG_WARN_COMMA = YES;
				CLANG_WARN_CONSTANT_CONVERSION = YES;
				CLANG_WARN_DEPRECATED_OBJC_IMPLEMENTATIONS = YES;
				CLANG_WARN_DIRECT_OBJC_ISA_USAGE = YES_ERROR;
				CLANG_WARN_DOCUMENTATION_COMMENTS = YES;
				CLANG_WARN_EMPTY_BODY = YES;
				CLANG_WARN_ENUM_CONVERSION = YES;
				CLANG_WARN_INFINITE_RECURSION = YES;
				CLANG_WARN_INT_CONVERSION = YES;
				CLANG_WARN_NON_LITERAL_NULL_CONVERSION = YES;
				CLANG_WARN_OBJC_IMPLICIT_RETAIN_SELF = YES;
				CLANG_WARN_OBJC_LITERAL_CONVERSION = YES;
				CLANG_WARN_OBJC_ROOT_CLASS = YES_ERROR;
				CLANG_WARN_QUOTED_INCLUDE_IN_FRAMEWORK_HEADER = YES;
				CLANG_WARN_RANGE_LOOP_ANALYSIS = YES;
				CLANG_WARN_STRICT_PROTOTYPES = YES;
				CLANG_WARN_SUSPICIOUS_MOVE = YES;
				CLANG_WARN_UNGUARDED_AVAILABILITY = YES_AGGRESSIVE;
				CLANG_WARN_UNREACHABLE_CODE = YES;
				CLANG_WARN__DUPLICATE_METHOD_MATCH = YES;
				COPY_PHASE_STRIP = NO;
				CURRENT_PROJECT_VERSION = 1;
				DEBUG_INFORMATION_FORMAT = dwarf;
				ENABLE_STRICT_OBJC_MSGSEND = YES;
				ENABLE_TESTABILITY = YES;
				ENABLE_USER_SCRIPT_SANDBOXING = YES;
				GCC_C_LANGUAGE_STANDARD = gnu17;
				GCC_DYNAMIC_NO_PIC = NO;
				GCC_NO_COMMON_BLOCKS = YES;
				GCC_OPTIMIZATION_LEVEL = 0;
				GCC_PREPROCESSOR_DEFINITIONS = (
					"DEBUG=1",
					"$(inherited)",
				);
				GCC_WARN_64_TO_32_BIT_CONVERSION = YES;
				GCC_WARN_ABOUT_RETURN_TYPE = YES_ERROR;
				GCC_WARN_UNDECLARED_SELECTOR = YES;
				GCC_WARN_UNINITIALIZED_AUTOS = YES_AGGRESSIVE;
				GCC_WARN_UNUSED_FUNCTION = YES;
				GCC_WARN_UNUSED_VARIABLE = YES;
				LOCALIZATION_PREFERS_STRING_CATALOGS = YES;
				MTL_ENABLE_DEBUG_INFO = INCLUDE_SOURCE;
				MTL_FAST_MATH = YES;
				ONLY_ACTIVE_ARCH = YES;
				SWIFT_ACTIVE_COMPILATION_CONDITIONS = "DEBUG $(inherited)";
				SWIFT_OBJC_INTEROP_MODE = objc;
				SWIFT_OPTIMIZATION_LEVEL = "-Onone";
				VERSIONING_SYSTEM = "apple-generic";
				VERSION_INFO_PREFIX = "";
			};
			name = Debug;
		};
		68F6FC7C2A459DA500E828DB /* Release */ = {
			isa = XCBuildConfiguration;
			buildSettings = {
				ALWAYS_SEARCH_USER_PATHS = NO;
				ASSETCATALOG_COMPILER_GENERATE_SWIFT_ASSET_SYMBOL_EXTENSIONS = YES;
				CLANG_ANALYZER_NONNULL = YES;
				CLANG_ANALYZER_NUMBER_OBJECT_CONVERSION = YES_AGGRESSIVE;
				CLANG_CXX_LANGUAGE_STANDARD = "gnu++20";
				CLANG_ENABLE_MODULES = YES;
				CLANG_ENABLE_OBJC_ARC = YES;
				CLANG_ENABLE_OBJC_WEAK = YES;
				CLANG_WARN_BLOCK_CAPTURE_AUTORELEASING = YES;
				CLANG_WARN_BOOL_CONVERSION = YES;
				CLANG_WARN_COMMA = YES;
				CLANG_WARN_CONSTANT_CONVERSION = YES;
				CLANG_WARN_DEPRECATED_OBJC_IMPLEMENTATIONS = YES;
				CLANG_WARN_DIRECT_OBJC_ISA_USAGE = YES_ERROR;
				CLANG_WARN_DOCUMENTATION_COMMENTS = YES;
				CLANG_WARN_EMPTY_BODY = YES;
				CLANG_WARN_ENUM_CONVERSION = YES;
				CLANG_WARN_INFINITE_RECURSION = YES;
				CLANG_WARN_INT_CONVERSION = YES;
				CLANG_WARN_NON_LITERAL_NULL_CONVERSION = YES;
				CLANG_WARN_OBJC_IMPLICIT_RETAIN_SELF = YES;
				CLANG_WARN_OBJC_LITERAL_CONVERSION = YES;
				CLANG_WARN_OBJC_ROOT_CLASS = YES_ERROR;
				CLANG_WARN_QUOTED_INCLUDE_IN_FRAMEWORK_HEADER = YES;
				CLANG_WARN_RANGE_LOOP_ANALYSIS = YES;
				CLANG_WARN_STRICT_PROTOTYPES = YES;
				CLANG_WARN_SUSPICIOUS_MOVE = YES;
				CLANG_WARN_UNGUARDED_AVAILABILITY = YES_AGGRESSIVE;
				CLANG_WARN_UNREACHABLE_CODE = YES;
				CLANG_WARN__DUPLICATE_METHOD_MATCH = YES;
				COPY_PHASE_STRIP = NO;
				CURRENT_PROJECT_VERSION = 1;
				DEBUG_INFORMATION_FORMAT = "dwarf-with-dsym";
				ENABLE_NS_ASSERTIONS = NO;
				ENABLE_STRICT_OBJC_MSGSEND = YES;
				ENABLE_USER_SCRIPT_SANDBOXING = YES;
				GCC_C_LANGUAGE_STANDARD = gnu17;
				GCC_NO_COMMON_BLOCKS = YES;
				GCC_WARN_64_TO_32_BIT_CONVERSION = YES;
				GCC_WARN_ABOUT_RETURN_TYPE = YES_ERROR;
				GCC_WARN_UNDECLARED_SELECTOR = YES;
				GCC_WARN_UNINITIALIZED_AUTOS = YES_AGGRESSIVE;
				GCC_WARN_UNUSED_FUNCTION = YES;
				GCC_WARN_UNUSED_VARIABLE = YES;
				LOCALIZATION_PREFERS_STRING_CATALOGS = YES;
				MTL_ENABLE_DEBUG_INFO = NO;
				MTL_FAST_MATH = YES;
				SWIFT_COMPILATION_MODE = wholemodule;
				SWIFT_OBJC_INTEROP_MODE = objc;
				VERSIONING_SYSTEM = "apple-generic";
				VERSION_INFO_PREFIX = "";
			};
			name = Release;
		};
		68F6FC7E2A459DA500E828DB /* Debug */ = {
			isa = XCBuildConfiguration;
			buildSettings = {
				ALLOW_TARGET_PLATFORM_SPECIALIZATION = YES;
				CLANG_ALLOW_NON_MODULAR_INCLUDES_IN_FRAMEWORK_MODULES = NO;
				CLANG_ENABLE_MODULES = YES;
				CODE_SIGN_IDENTITY = "Apple Development";
				CODE_SIGN_STYLE = Automatic;
				CURRENT_PROJECT_VERSION = 1;
				DEFINES_MODULE = YES;
				DEVELOPMENT_TEAM = 73CCF549YB;
				DYLIB_COMPATIBILITY_VERSION = 1;
				DYLIB_CURRENT_VERSION = 1;
				DYLIB_INSTALL_NAME_BASE = "@rpath";
				ENABLE_MODULE_VERIFIER = YES;
				GENERATE_INFOPLIST_FILE = YES;
				INFOPLIST_KEY_NSHumanReadableCopyright = "";
				INSTALL_PATH = "$(LOCAL_LIBRARY_DIR)/Frameworks";
				IPHONEOS_DEPLOYMENT_TARGET = 17.0;
				LD_RUNPATH_SEARCH_PATHS = (
					"@executable_path/Frameworks",
					"@loader_path/Frameworks",
				);
				"LD_RUNPATH_SEARCH_PATHS[sdk=macosx*]" = (
					"@executable_path/../Frameworks",
					"@loader_path/Frameworks",
				);
				MACOSX_DEPLOYMENT_TARGET = 14.0;
				MARKETING_VERSION = 1.0;
				MODULE_VERIFIER_SUPPORTED_LANGUAGES = "objective-c objective-c++";
				MODULE_VERIFIER_SUPPORTED_LANGUAGE_STANDARDS = "gnu17 gnu++20";
				PRODUCT_BUNDLE_IDENTIFIER = "com.PyratzLabs.Arbitrage-Bot";
				PRODUCT_NAME = "$(TARGET_NAME:c99extidentifier)";
				SDKROOT = auto;
				SKIP_INSTALL = YES;
				SUPPORTED_PLATFORMS = "xrsimulator xros watchsimulator watchos macosx iphonesimulator iphoneos driverkit appletvsimulator appletvos";
				SUPPORTS_MACCATALYST = YES;
				SUPPORTS_MAC_DESIGNED_FOR_IPHONE_IPAD = NO;
				SUPPORTS_XR_DESIGNED_FOR_IPHONE_IPAD = NO;
				SWIFT_EMIT_LOC_STRINGS = YES;
				SWIFT_OBJC_INTEROP_MODE = objc;
				SWIFT_OPTIMIZATION_LEVEL = "-Onone";
				SWIFT_VERSION = 5.0;
			};
			name = Debug;
		};
		68F6FC7F2A459DA500E828DB /* Release */ = {
			isa = XCBuildConfiguration;
			buildSettings = {
				ALLOW_TARGET_PLATFORM_SPECIALIZATION = YES;
				CLANG_ALLOW_NON_MODULAR_INCLUDES_IN_FRAMEWORK_MODULES = NO;
				CLANG_ENABLE_MODULES = YES;
				CODE_SIGN_IDENTITY = "Apple Development";
				CODE_SIGN_STYLE = Automatic;
				CURRENT_PROJECT_VERSION = 1;
				DEFINES_MODULE = YES;
				DEVELOPMENT_TEAM = 73CCF549YB;
				DYLIB_COMPATIBILITY_VERSION = 1;
				DYLIB_CURRENT_VERSION = 1;
				DYLIB_INSTALL_NAME_BASE = "@rpath";
				ENABLE_MODULE_VERIFIER = YES;
				GENERATE_INFOPLIST_FILE = YES;
				INFOPLIST_KEY_NSHumanReadableCopyright = "";
				INSTALL_PATH = "$(LOCAL_LIBRARY_DIR)/Frameworks";
				IPHONEOS_DEPLOYMENT_TARGET = 17.0;
				LD_RUNPATH_SEARCH_PATHS = (
					"@executable_path/Frameworks",
					"@loader_path/Frameworks",
				);
				"LD_RUNPATH_SEARCH_PATHS[sdk=macosx*]" = (
					"@executable_path/../Frameworks",
					"@loader_path/Frameworks",
				);
				MACOSX_DEPLOYMENT_TARGET = 14.0;
				MARKETING_VERSION = 1.0;
				MODULE_VERIFIER_SUPPORTED_LANGUAGES = "objective-c objective-c++";
				MODULE_VERIFIER_SUPPORTED_LANGUAGE_STANDARDS = "gnu17 gnu++20";
				PRODUCT_BUNDLE_IDENTIFIER = "com.PyratzLabs.Arbitrage-Bot";
				PRODUCT_NAME = "$(TARGET_NAME:c99extidentifier)";
				SDKROOT = auto;
				SKIP_INSTALL = YES;
				SUPPORTED_PLATFORMS = "xrsimulator xros watchsimulator watchos macosx iphonesimulator iphoneos driverkit appletvsimulator appletvos";
				SUPPORTS_MACCATALYST = YES;
				SUPPORTS_MAC_DESIGNED_FOR_IPHONE_IPAD = NO;
				SUPPORTS_XR_DESIGNED_FOR_IPHONE_IPAD = NO;
				SWIFT_EMIT_LOC_STRINGS = YES;
				SWIFT_OBJC_INTEROP_MODE = objc;
				SWIFT_VERSION = 5.0;
			};
			name = Release;
		};
		68F6FC812A459DA500E828DB /* Debug */ = {
			isa = XCBuildConfiguration;
			buildSettings = {
				ALWAYS_EMBED_SWIFT_STANDARD_LIBRARIES = YES;
				CODE_SIGN_STYLE = Automatic;
				CURRENT_PROJECT_VERSION = 1;
				GENERATE_INFOPLIST_FILE = YES;
				IPHONEOS_DEPLOYMENT_TARGET = 17.0;
				MACOSX_DEPLOYMENT_TARGET = 14.0;
				MARKETING_VERSION = 1.0;
				PRODUCT_BUNDLE_IDENTIFIER = "com.PyratzLabs.Arbitrage-BotTests";
				PRODUCT_NAME = "$(TARGET_NAME)";
				SDKROOT = auto;
				SUPPORTED_PLATFORMS = "iphoneos iphonesimulator macosx";
				SWIFT_EMIT_LOC_STRINGS = NO;
				SWIFT_VERSION = 5.0;
				TARGETED_DEVICE_FAMILY = "1,2";
			};
			name = Debug;
		};
		68F6FC822A459DA500E828DB /* Release */ = {
			isa = XCBuildConfiguration;
			buildSettings = {
				ALWAYS_EMBED_SWIFT_STANDARD_LIBRARIES = YES;
				CODE_SIGN_STYLE = Automatic;
				CURRENT_PROJECT_VERSION = 1;
				GENERATE_INFOPLIST_FILE = YES;
				IPHONEOS_DEPLOYMENT_TARGET = 17.0;
				MACOSX_DEPLOYMENT_TARGET = 14.0;
				MARKETING_VERSION = 1.0;
				PRODUCT_BUNDLE_IDENTIFIER = "com.PyratzLabs.Arbitrage-BotTests";
				PRODUCT_NAME = "$(TARGET_NAME)";
				SDKROOT = auto;
				SUPPORTED_PLATFORMS = "iphoneos iphonesimulator macosx";
				SWIFT_EMIT_LOC_STRINGS = NO;
				SWIFT_VERSION = 5.0;
				TARGETED_DEVICE_FAMILY = "1,2";
			};
			name = Release;
		};
/* End XCBuildConfiguration section */

/* Begin XCConfigurationList section */
		6842922A2A45AAA70043EF2F /* Build configuration list for PBXNativeTarget "FastSockets" */ = {
			isa = XCConfigurationList;
			buildConfigurations = (
				6842922B2A45AAA70043EF2F /* Debug */,
				6842922C2A45AAA70043EF2F /* Release */,
			);
			defaultConfigurationIsVisible = 0;
			defaultConfigurationName = Release;
		};
		68DCBF0C2A45E0B8007DCB50 /* Build configuration list for PBXNativeTarget "Arbitrage Demo" */ = {
			isa = XCConfigurationList;
			buildConfigurations = (
				68DCBF0D2A45E0B8007DCB50 /* Debug */,
				68DCBF0E2A45E0B8007DCB50 /* Release */,
			);
			defaultConfigurationIsVisible = 0;
			defaultConfigurationName = Release;
		};
		68F6FC632A459DA500E828DB /* Build configuration list for PBXProject "Arbitrage-Bot" */ = {
			isa = XCConfigurationList;
			buildConfigurations = (
				68F6FC7B2A459DA500E828DB /* Debug */,
				68F6FC7C2A459DA500E828DB /* Release */,
			);
			defaultConfigurationIsVisible = 0;
			defaultConfigurationName = Release;
		};
		68F6FC7D2A459DA500E828DB /* Build configuration list for PBXNativeTarget "Arbitrage Bot" */ = {
			isa = XCConfigurationList;
			buildConfigurations = (
				68F6FC7E2A459DA500E828DB /* Debug */,
				68F6FC7F2A459DA500E828DB /* Release */,
			);
			defaultConfigurationIsVisible = 0;
			defaultConfigurationName = Release;
		};
		68F6FC802A459DA500E828DB /* Build configuration list for PBXNativeTarget "Arbitrage-BotTests" */ = {
			isa = XCConfigurationList;
			buildConfigurations = (
				68F6FC812A459DA500E828DB /* Debug */,
				68F6FC822A459DA500E828DB /* Release */,
			);
			defaultConfigurationIsVisible = 0;
			defaultConfigurationName = Release;
		};
/* End XCConfigurationList section */

/* Begin XCRemoteSwiftPackageReference section */
		6842921A2A45A1120043EF2F /* XCRemoteSwiftPackageReference "Euler" */ = {
			isa = XCRemoteSwiftPackageReference;
			repositoryURL = "https://github.com/arguiot/Euler";
			requirement = {
				kind = upToNextMajorVersion;
				minimumVersion = 0.3.9;
			};
		};
		68F6FCC72A45A01300E828DB /* XCRemoteSwiftPackageReference "Web3" */ = {
			isa = XCRemoteSwiftPackageReference;
			repositoryURL = "https://github.com/Boilertalk/Web3.swift";
			requirement = {
				kind = upToNextMajorVersion;
				minimumVersion = 0.8.3;
			};
		};
		68F6FCCE2A45A0C100E828DB /* XCRemoteSwiftPackageReference "OpenCombine" */ = {
			isa = XCRemoteSwiftPackageReference;
			repositoryURL = "https://github.com/OpenCombine/OpenCombine";
			requirement = {
				kind = upToNextMajorVersion;
				minimumVersion = 0.14.0;
			};
		};
		68FE7D472A4B067500D3A706 /* XCRemoteSwiftPackageReference "CollectionConcurrencyKit" */ = {
			isa = XCRemoteSwiftPackageReference;
			repositoryURL = "https://github.com/JohnSundell/CollectionConcurrencyKit.git";
			requirement = {
				kind = upToNextMajorVersion;
				minimumVersion = 0.2.0;
			};
		};
/* End XCRemoteSwiftPackageReference section */

/* Begin XCSwiftPackageProductDependency section */
		6842921B2A45A1120043EF2F /* Euler */ = {
			isa = XCSwiftPackageProductDependency;
			package = 6842921A2A45A1120043EF2F /* XCRemoteSwiftPackageReference "Euler" */;
			productName = Euler;
		};
		68F6FCC82A45A01300E828DB /* Web3 */ = {
			isa = XCSwiftPackageProductDependency;
			package = 68F6FCC72A45A01300E828DB /* XCRemoteSwiftPackageReference "Web3" */;
			productName = Web3;
		};
		68F6FCCA2A45A01300E828DB /* Web3ContractABI */ = {
			isa = XCSwiftPackageProductDependency;
			package = 68F6FCC72A45A01300E828DB /* XCRemoteSwiftPackageReference "Web3" */;
			productName = Web3ContractABI;
		};
		68F6FCCC2A45A01300E828DB /* Web3PromiseKit */ = {
			isa = XCSwiftPackageProductDependency;
			package = 68F6FCC72A45A01300E828DB /* XCRemoteSwiftPackageReference "Web3" */;
			productName = Web3PromiseKit;
		};
		68F6FCCF2A45A0C100E828DB /* OpenCombine */ = {
			isa = XCSwiftPackageProductDependency;
			package = 68F6FCCE2A45A0C100E828DB /* XCRemoteSwiftPackageReference "OpenCombine" */;
			productName = OpenCombine;
		};
		68F6FCD12A45A0C100E828DB /* OpenCombineDispatch */ = {
			isa = XCSwiftPackageProductDependency;
			package = 68F6FCCE2A45A0C100E828DB /* XCRemoteSwiftPackageReference "OpenCombine" */;
			productName = OpenCombineDispatch;
		};
		68F6FCD32A45A0C100E828DB /* OpenCombineFoundation */ = {
			isa = XCSwiftPackageProductDependency;
			package = 68F6FCCE2A45A0C100E828DB /* XCRemoteSwiftPackageReference "OpenCombine" */;
			productName = OpenCombineFoundation;
		};
		68FE7D482A4B067500D3A706 /* CollectionConcurrencyKit */ = {
			isa = XCSwiftPackageProductDependency;
			package = 68FE7D472A4B067500D3A706 /* XCRemoteSwiftPackageReference "CollectionConcurrencyKit" */;
			productName = CollectionConcurrencyKit;
		};
/* End XCSwiftPackageProductDependency section */
	};
	rootObject = 68F6FC602A459DA500E828DB /* Project object */;
}
